// !$*UTF8*$!
{
	archiveVersion = 1;
	classes = {
	};
	objectVersion = 46;
	objects = {

/* Begin PBXBuildFile section */
		BA688F261F34781800E9239E /* Constants.h in Headers */ = {isa = PBXBuildFile; fileRef = BA688F241F34781800E9239E /* Constants.h */; };
		BA688F271F34781800E9239E /* Constants.m in Sources */ = {isa = PBXBuildFile; fileRef = BA688F251F34781800E9239E /* Constants.m */; };
		BA688F3A1F347A7000E9239E /* WeatherObj.h in Headers */ = {isa = PBXBuildFile; fileRef = BA688F381F347A7000E9239E /* WeatherObj.h */; settings = {ATTRIBUTES = (Public, ); }; };
		BA688F3B1F347A7000E9239E /* WeatherObj.m in Sources */ = {isa = PBXBuildFile; fileRef = BA688F391F347A7000E9239E /* WeatherObj.m */; };
		BA688F3E1F347C5800E9239E /* CoordinateObj.h in Headers */ = {isa = PBXBuildFile; fileRef = BA688F3C1F347C5800E9239E /* CoordinateObj.h */; settings = {ATTRIBUTES = (Public, ); }; };
		BA688F3F1F347C5800E9239E /* CoordinateObj.m in Sources */ = {isa = PBXBuildFile; fileRef = BA688F3D1F347C5800E9239E /* CoordinateObj.m */; };
		BA688F421F347C8500E9239E /* MainDataObj.h in Headers */ = {isa = PBXBuildFile; fileRef = BA688F401F347C8500E9239E /* MainDataObj.h */; settings = {ATTRIBUTES = (Public, ); }; };
		BA688F431F347C8500E9239E /* MainDataObj.m in Sources */ = {isa = PBXBuildFile; fileRef = BA688F411F347C8500E9239E /* MainDataObj.m */; };
		BA688F461F347C9100E9239E /* WindObj.h in Headers */ = {isa = PBXBuildFile; fileRef = BA688F441F347C9100E9239E /* WindObj.h */; settings = {ATTRIBUTES = (Public, ); }; };
		BA688F471F347C9100E9239E /* WindObj.m in Sources */ = {isa = PBXBuildFile; fileRef = BA688F451F347C9100E9239E /* WindObj.m */; };
		BA688F4A1F347CA100E9239E /* CloudObj.h in Headers */ = {isa = PBXBuildFile; fileRef = BA688F481F347CA100E9239E /* CloudObj.h */; settings = {ATTRIBUTES = (Public, ); }; };
		BA688F4B1F347CA100E9239E /* CloudObj.m in Sources */ = {isa = PBXBuildFile; fileRef = BA688F491F347CA100E9239E /* CloudObj.m */; };
		BA688F4E1F347CAE00E9239E /* SystemDataObj.h in Headers */ = {isa = PBXBuildFile; fileRef = BA688F4C1F347CAE00E9239E /* SystemDataObj.h */; settings = {ATTRIBUTES = (Public, ); }; };
		BA688F4F1F347CAE00E9239E /* SystemDataObj.m in Sources */ = {isa = PBXBuildFile; fileRef = BA688F4D1F347CAE00E9239E /* SystemDataObj.m */; };
		BA688F521F347CF100E9239E /* WeatherDataObj.h in Headers */ = {isa = PBXBuildFile; fileRef = BA688F501F347CF100E9239E /* WeatherDataObj.h */; settings = {ATTRIBUTES = (Public, ); }; };
		BA688F531F347CF100E9239E /* WeatherDataObj.m in Sources */ = {isa = PBXBuildFile; fileRef = BA688F511F347CF100E9239E /* WeatherDataObj.m */; };
		BA688F581F347D7800E9239E /* LocationService.h in Headers */ = {isa = PBXBuildFile; fileRef = BA688F561F347D7800E9239E /* LocationService.h */; };
		BA688F591F347D7800E9239E /* LocationService.m in Sources */ = {isa = PBXBuildFile; fileRef = BA688F571F347D7800E9239E /* LocationService.m */; };
		BA688F5D1F347D9200E9239E /* NetworkService.h in Headers */ = {isa = PBXBuildFile; fileRef = BA688F5B1F347D9200E9239E /* NetworkService.h */; };
		BA688F5E1F347D9200E9239E /* NetworkService.m in Sources */ = {isa = PBXBuildFile; fileRef = BA688F5C1F347D9200E9239E /* NetworkService.m */; };
		BA688F621F347DA300E9239E /* FetchWeatherRequest.h in Headers */ = {isa = PBXBuildFile; fileRef = BA688F601F347DA300E9239E /* FetchWeatherRequest.h */; };
		BA688F631F347DA300E9239E /* FetchWeatherRequest.m in Sources */ = {isa = PBXBuildFile; fileRef = BA688F611F347DA300E9239E /* FetchWeatherRequest.m */; };
		BA688F661F347DCF00E9239E /* Requestable.h in Headers */ = {isa = PBXBuildFile; fileRef = BA688F651F347DCF00E9239E /* Requestable.h */; };
		BA688F6A1F347E5800E9239E /* Decodable.h in Headers */ = {isa = PBXBuildFile; fileRef = BA688F691F347E5800E9239E /* Decodable.h */; settings = {ATTRIBUTES = (Public, ); }; };
		BA8B832E1F3475BD0047E635 /* WeatherCore.framework in Frameworks */ = {isa = PBXBuildFile; fileRef = BA8B83241F3475BD0047E635 /* WeatherCore.framework */; };
		BA8B83331F3475BD0047E635 /* WeatherCoreTests.m in Sources */ = {isa = PBXBuildFile; fileRef = BA8B83321F3475BD0047E635 /* WeatherCoreTests.m */; };
		BA8B83351F3475BD0047E635 /* WeatherCore.h in Headers */ = {isa = PBXBuildFile; fileRef = BA8B83271F3475BD0047E635 /* WeatherCore.h */; settings = {ATTRIBUTES = (Public, ); }; };
		BA92C00A1F348728002BA1E8 /* NSArray+Map.h in Headers */ = {isa = PBXBuildFile; fileRef = BA92C0081F348728002BA1E8 /* NSArray+Map.h */; };
		BA92C00B1F348728002BA1E8 /* NSArray+Map.m in Sources */ = {isa = PBXBuildFile; fileRef = BA92C0091F348728002BA1E8 /* NSArray+Map.m */; };
		BA92C00F1F348BBC002BA1E8 /* OpenWeatherService.h in Headers */ = {isa = PBXBuildFile; fileRef = BA92C00D1F348BBC002BA1E8 /* OpenWeatherService.h */; };
		BA92C0101F348BBC002BA1E8 /* OpenWeatherService.m in Sources */ = {isa = PBXBuildFile; fileRef = BA92C00E1F348BBC002BA1E8 /* OpenWeatherService.m */; };
		BA92C0121F348EF6002BA1E8 /* Parammeter.h in Headers */ = {isa = PBXBuildFile; fileRef = BA92C0111F348EF6002BA1E8 /* Parammeter.h */; };
		BA92C0151F349140002BA1E8 /* FetchWeatherRequestParam.h in Headers */ = {isa = PBXBuildFile; fileRef = BA92C0131F349140002BA1E8 /* FetchWeatherRequestParam.h */; };
		BA92C0161F349140002BA1E8 /* FetchWeatherRequestParam.m in Sources */ = {isa = PBXBuildFile; fileRef = BA92C0141F349140002BA1E8 /* FetchWeatherRequestParam.m */; };
		BA92C0191F3492CE002BA1E8 /* OpenWeatherConfiguration.h in Headers */ = {isa = PBXBuildFile; fileRef = BA92C0171F3492CE002BA1E8 /* OpenWeatherConfiguration.h */; };
		BA92C01A1F3492CE002BA1E8 /* OpenWeatherConfiguration.m in Sources */ = {isa = PBXBuildFile; fileRef = BA92C0181F3492CE002BA1E8 /* OpenWeatherConfiguration.m */; };
		BA92C0231F3495B2002BA1E8 /* WeatherViewModel.h in Headers */ = {isa = PBXBuildFile; fileRef = BA92C0211F3495B2002BA1E8 /* WeatherViewModel.h */; settings = {ATTRIBUTES = (Public, ); }; };
		BA92C0241F3495B2002BA1E8 /* WeatherViewModel.m in Sources */ = {isa = PBXBuildFile; fileRef = BA92C0221F3495B2002BA1E8 /* WeatherViewModel.m */; };
		BA92C0261F34968B002BA1E8 /* PublicHeader.h in Headers */ = {isa = PBXBuildFile; fileRef = BA92C0251F3495E1002BA1E8 /* PublicHeader.h */; settings = {ATTRIBUTES = (Public, ); }; };
/* End PBXBuildFile section */

/* Begin PBXContainerItemProxy section */
		BA8B832F1F3475BD0047E635 /* PBXContainerItemProxy */ = {
			isa = PBXContainerItemProxy;
			containerPortal = BA8B831B1F3475BD0047E635 /* Project object */;
			proxyType = 1;
			remoteGlobalIDString = BA8B83231F3475BD0047E635;
			remoteInfo = WeatherCore;
		};
/* End PBXContainerItemProxy section */

/* Begin PBXFileReference section */
		BA688F241F34781800E9239E /* Constants.h */ = {isa = PBXFileReference; fileEncoding = 4; lastKnownFileType = sourcecode.c.h; path = Constants.h; sourceTree = "<group>"; };
		BA688F251F34781800E9239E /* Constants.m */ = {isa = PBXFileReference; fileEncoding = 4; lastKnownFileType = sourcecode.c.objc; path = Constants.m; sourceTree = "<group>"; };
		BA688F381F347A7000E9239E /* WeatherObj.h */ = {isa = PBXFileReference; fileEncoding = 4; lastKnownFileType = sourcecode.c.h; path = WeatherObj.h; sourceTree = "<group>"; };
		BA688F391F347A7000E9239E /* WeatherObj.m */ = {isa = PBXFileReference; fileEncoding = 4; lastKnownFileType = sourcecode.c.objc; path = WeatherObj.m; sourceTree = "<group>"; };
		BA688F3C1F347C5800E9239E /* CoordinateObj.h */ = {isa = PBXFileReference; fileEncoding = 4; lastKnownFileType = sourcecode.c.h; path = CoordinateObj.h; sourceTree = "<group>"; };
		BA688F3D1F347C5800E9239E /* CoordinateObj.m */ = {isa = PBXFileReference; fileEncoding = 4; lastKnownFileType = sourcecode.c.objc; path = CoordinateObj.m; sourceTree = "<group>"; };
		BA688F401F347C8500E9239E /* MainDataObj.h */ = {isa = PBXFileReference; fileEncoding = 4; lastKnownFileType = sourcecode.c.h; path = MainDataObj.h; sourceTree = "<group>"; };
		BA688F411F347C8500E9239E /* MainDataObj.m */ = {isa = PBXFileReference; fileEncoding = 4; lastKnownFileType = sourcecode.c.objc; path = MainDataObj.m; sourceTree = "<group>"; };
		BA688F441F347C9100E9239E /* WindObj.h */ = {isa = PBXFileReference; fileEncoding = 4; lastKnownFileType = sourcecode.c.h; path = WindObj.h; sourceTree = "<group>"; };
		BA688F451F347C9100E9239E /* WindObj.m */ = {isa = PBXFileReference; fileEncoding = 4; lastKnownFileType = sourcecode.c.objc; path = WindObj.m; sourceTree = "<group>"; };
		BA688F481F347CA100E9239E /* CloudObj.h */ = {isa = PBXFileReference; fileEncoding = 4; lastKnownFileType = sourcecode.c.h; path = CloudObj.h; sourceTree = "<group>"; };
		BA688F491F347CA100E9239E /* CloudObj.m */ = {isa = PBXFileReference; fileEncoding = 4; lastKnownFileType = sourcecode.c.objc; path = CloudObj.m; sourceTree = "<group>"; };
		BA688F4C1F347CAE00E9239E /* SystemDataObj.h */ = {isa = PBXFileReference; fileEncoding = 4; lastKnownFileType = sourcecode.c.h; path = SystemDataObj.h; sourceTree = "<group>"; };
		BA688F4D1F347CAE00E9239E /* SystemDataObj.m */ = {isa = PBXFileReference; fileEncoding = 4; lastKnownFileType = sourcecode.c.objc; path = SystemDataObj.m; sourceTree = "<group>"; };
		BA688F501F347CF100E9239E /* WeatherDataObj.h */ = {isa = PBXFileReference; fileEncoding = 4; lastKnownFileType = sourcecode.c.h; path = WeatherDataObj.h; sourceTree = "<group>"; };
		BA688F511F347CF100E9239E /* WeatherDataObj.m */ = {isa = PBXFileReference; fileEncoding = 4; lastKnownFileType = sourcecode.c.objc; path = WeatherDataObj.m; sourceTree = "<group>"; };
		BA688F561F347D7800E9239E /* LocationService.h */ = {isa = PBXFileReference; fileEncoding = 4; lastKnownFileType = sourcecode.c.h; path = LocationService.h; sourceTree = "<group>"; };
		BA688F571F347D7800E9239E /* LocationService.m */ = {isa = PBXFileReference; fileEncoding = 4; lastKnownFileType = sourcecode.c.objc; path = LocationService.m; sourceTree = "<group>"; };
		BA688F5B1F347D9200E9239E /* NetworkService.h */ = {isa = PBXFileReference; fileEncoding = 4; lastKnownFileType = sourcecode.c.h; path = NetworkService.h; sourceTree = "<group>"; };
		BA688F5C1F347D9200E9239E /* NetworkService.m */ = {isa = PBXFileReference; fileEncoding = 4; lastKnownFileType = sourcecode.c.objc; path = NetworkService.m; sourceTree = "<group>"; };
		BA688F601F347DA300E9239E /* FetchWeatherRequest.h */ = {isa = PBXFileReference; fileEncoding = 4; lastKnownFileType = sourcecode.c.h; path = FetchWeatherRequest.h; sourceTree = "<group>"; };
		BA688F611F347DA300E9239E /* FetchWeatherRequest.m */ = {isa = PBXFileReference; fileEncoding = 4; lastKnownFileType = sourcecode.c.objc; path = FetchWeatherRequest.m; sourceTree = "<group>"; };
		BA688F651F347DCF00E9239E /* Requestable.h */ = {isa = PBXFileReference; fileEncoding = 4; lastKnownFileType = sourcecode.c.h; path = Requestable.h; sourceTree = "<group>"; };
		BA688F691F347E5800E9239E /* Decodable.h */ = {isa = PBXFileReference; fileEncoding = 4; lastKnownFileType = sourcecode.c.h; path = Decodable.h; sourceTree = "<group>"; };
		BA8B83241F3475BD0047E635 /* WeatherCore.framework */ = {isa = PBXFileReference; explicitFileType = wrapper.framework; includeInIndex = 0; path = WeatherCore.framework; sourceTree = BUILT_PRODUCTS_DIR; };
		BA8B83271F3475BD0047E635 /* WeatherCore.h */ = {isa = PBXFileReference; lastKnownFileType = sourcecode.c.h; path = WeatherCore.h; sourceTree = "<group>"; };
		BA8B83281F3475BD0047E635 /* Info.plist */ = {isa = PBXFileReference; lastKnownFileType = text.plist.xml; path = Info.plist; sourceTree = "<group>"; };
		BA8B832D1F3475BD0047E635 /* WeatherCoreTests.xctest */ = {isa = PBXFileReference; explicitFileType = wrapper.cfbundle; includeInIndex = 0; path = WeatherCoreTests.xctest; sourceTree = BUILT_PRODUCTS_DIR; };
		BA8B83321F3475BD0047E635 /* WeatherCoreTests.m */ = {isa = PBXFileReference; lastKnownFileType = sourcecode.c.objc; path = WeatherCoreTests.m; sourceTree = "<group>"; };
		BA8B83341F3475BD0047E635 /* Info.plist */ = {isa = PBXFileReference; lastKnownFileType = text.plist.xml; path = Info.plist; sourceTree = "<group>"; };
		BA92C0081F348728002BA1E8 /* NSArray+Map.h */ = {isa = PBXFileReference; fileEncoding = 4; lastKnownFileType = sourcecode.c.h; path = "NSArray+Map.h"; sourceTree = "<group>"; };
		BA92C0091F348728002BA1E8 /* NSArray+Map.m */ = {isa = PBXFileReference; fileEncoding = 4; lastKnownFileType = sourcecode.c.objc; path = "NSArray+Map.m"; sourceTree = "<group>"; };
		BA92C00D1F348BBC002BA1E8 /* OpenWeatherService.h */ = {isa = PBXFileReference; fileEncoding = 4; lastKnownFileType = sourcecode.c.h; path = OpenWeatherService.h; sourceTree = "<group>"; };
		BA92C00E1F348BBC002BA1E8 /* OpenWeatherService.m */ = {isa = PBXFileReference; fileEncoding = 4; lastKnownFileType = sourcecode.c.objc; path = OpenWeatherService.m; sourceTree = "<group>"; };
		BA92C0111F348EF6002BA1E8 /* Parammeter.h */ = {isa = PBXFileReference; fileEncoding = 4; lastKnownFileType = sourcecode.c.h; path = Parammeter.h; sourceTree = "<group>"; };
		BA92C0131F349140002BA1E8 /* FetchWeatherRequestParam.h */ = {isa = PBXFileReference; fileEncoding = 4; lastKnownFileType = sourcecode.c.h; path = FetchWeatherRequestParam.h; sourceTree = "<group>"; };
		BA92C0141F349140002BA1E8 /* FetchWeatherRequestParam.m */ = {isa = PBXFileReference; fileEncoding = 4; lastKnownFileType = sourcecode.c.objc; path = FetchWeatherRequestParam.m; sourceTree = "<group>"; };
		BA92C0171F3492CE002BA1E8 /* OpenWeatherConfiguration.h */ = {isa = PBXFileReference; fileEncoding = 4; lastKnownFileType = sourcecode.c.h; path = OpenWeatherConfiguration.h; sourceTree = "<group>"; };
		BA92C0181F3492CE002BA1E8 /* OpenWeatherConfiguration.m */ = {isa = PBXFileReference; fileEncoding = 4; lastKnownFileType = sourcecode.c.objc; path = OpenWeatherConfiguration.m; sourceTree = "<group>"; };
		BA92C0211F3495B2002BA1E8 /* WeatherViewModel.h */ = {isa = PBXFileReference; fileEncoding = 4; lastKnownFileType = sourcecode.c.h; path = WeatherViewModel.h; sourceTree = "<group>"; };
		BA92C0221F3495B2002BA1E8 /* WeatherViewModel.m */ = {isa = PBXFileReference; fileEncoding = 4; lastKnownFileType = sourcecode.c.objc; path = WeatherViewModel.m; sourceTree = "<group>"; };
		BA92C0251F3495E1002BA1E8 /* PublicHeader.h */ = {isa = PBXFileReference; lastKnownFileType = sourcecode.c.h; path = PublicHeader.h; sourceTree = "<group>"; };
/* End PBXFileReference section */

/* Begin PBXFrameworksBuildPhase section */
		BA8B83201F3475BD0047E635 /* Frameworks */ = {
			isa = PBXFrameworksBuildPhase;
			buildActionMask = 2147483647;
			files = (
			);
			runOnlyForDeploymentPostprocessing = 0;
		};
		BA8B832A1F3475BD0047E635 /* Frameworks */ = {
			isa = PBXFrameworksBuildPhase;
			buildActionMask = 2147483647;
			files = (
				BA8B832E1F3475BD0047E635 /* WeatherCore.framework in Frameworks */,
			);
			runOnlyForDeploymentPostprocessing = 0;
		};
/* End PBXFrameworksBuildPhase section */

/* Begin PBXGroup section */
		BA688F201F34780000E9239E /* Source */ = {
			isa = PBXGroup;
			children = (
				BA92C01C1F349569002BA1E8 /* Open Weather Service */,
				BA92C01B1F349560002BA1E8 /* Extensions */,
				BA688F681F347E1600E9239E /* Json Mapper */,
				BA688F551F347D6900E9239E /* Location Service */,
				BA688F221F34780800E9239E /* Network */,
				BA688F211F34780400E9239E /* Model */,
			);
			name = Source;
			sourceTree = "<group>";
		};
		BA688F211F34780400E9239E /* Model */ = {
			isa = PBXGroup;
			children = (
				BA688F381F347A7000E9239E /* WeatherObj.h */,
				BA688F391F347A7000E9239E /* WeatherObj.m */,
				BA688F3C1F347C5800E9239E /* CoordinateObj.h */,
				BA688F3D1F347C5800E9239E /* CoordinateObj.m */,
				BA688F401F347C8500E9239E /* MainDataObj.h */,
				BA688F411F347C8500E9239E /* MainDataObj.m */,
				BA688F441F347C9100E9239E /* WindObj.h */,
				BA688F451F347C9100E9239E /* WindObj.m */,
				BA688F481F347CA100E9239E /* CloudObj.h */,
				BA688F491F347CA100E9239E /* CloudObj.m */,
				BA688F4C1F347CAE00E9239E /* SystemDataObj.h */,
				BA688F4D1F347CAE00E9239E /* SystemDataObj.m */,
				BA688F501F347CF100E9239E /* WeatherDataObj.h */,
				BA688F511F347CF100E9239E /* WeatherDataObj.m */,
			);
			name = Model;
			sourceTree = "<group>";
		};
		BA688F221F34780800E9239E /* Network */ = {
			isa = PBXGroup;
			children = (
				BA688F641F347DB900E9239E /* Protocols */,
				BA688F5B1F347D9200E9239E /* NetworkService.h */,
				BA688F5C1F347D9200E9239E /* NetworkService.m */,
			);
			name = Network;
			sourceTree = "<group>";
		};
		BA688F551F347D6900E9239E /* Location Service */ = {
			isa = PBXGroup;
			children = (
				BA688F561F347D7800E9239E /* LocationService.h */,
				BA688F571F347D7800E9239E /* LocationService.m */,
			);
			name = "Location Service";
			sourceTree = "<group>";
		};
		BA688F5F1F347D9700E9239E /* Request */ = {
			isa = PBXGroup;
			children = (
				BA92C00C1F34891A002BA1E8 /* Fetch Weather */,
			);
			name = Request;
			sourceTree = "<group>";
		};
		BA688F641F347DB900E9239E /* Protocols */ = {
			isa = PBXGroup;
			children = (
				BA688F651F347DCF00E9239E /* Requestable.h */,
				BA92C0111F348EF6002BA1E8 /* Parammeter.h */,
			);
			name = Protocols;
			sourceTree = "<group>";
		};
		BA688F681F347E1600E9239E /* Json Mapper */ = {
			isa = PBXGroup;
			children = (
				BA688F691F347E5800E9239E /* Decodable.h */,
			);
			name = "Json Mapper";
			sourceTree = "<group>";
		};
		BA8B831A1F3475BD0047E635 = {
			isa = PBXGroup;
			children = (
				BA8B83261F3475BD0047E635 /* WeatherCore */,
				BA8B83311F3475BD0047E635 /* WeatherCoreTests */,
				BA8B83251F3475BD0047E635 /* Products */,
			);
			sourceTree = "<group>";
		};
		BA8B83251F3475BD0047E635 /* Products */ = {
			isa = PBXGroup;
			children = (
				BA8B83241F3475BD0047E635 /* WeatherCore.framework */,
				BA8B832D1F3475BD0047E635 /* WeatherCoreTests.xctest */,
			);
			name = Products;
			sourceTree = "<group>";
		};
		BA8B83261F3475BD0047E635 /* WeatherCore */ = {
			isa = PBXGroup;
			children = (
				BA92C01F1F34959B002BA1E8 /* View Model */,
				BA92C01E1F34958F002BA1E8 /* Constant */,
				BA688F201F34780000E9239E /* Source */,
				BA8B83271F3475BD0047E635 /* WeatherCore.h */,
				BA92C0251F3495E1002BA1E8 /* PublicHeader.h */,
				BA8B83281F3475BD0047E635 /* Info.plist */,
			);
			path = WeatherCore;
			sourceTree = "<group>";
		};
		BA8B83311F3475BD0047E635 /* WeatherCoreTests */ = {
			isa = PBXGroup;
			children = (
				BA8B83321F3475BD0047E635 /* WeatherCoreTests.m */,
				BA8B83341F3475BD0047E635 /* Info.plist */,
			);
			path = WeatherCoreTests;
			sourceTree = "<group>";
		};
		BA92C00C1F34891A002BA1E8 /* Fetch Weather */ = {
			isa = PBXGroup;
			children = (
				BA92C0131F349140002BA1E8 /* FetchWeatherRequestParam.h */,
				BA92C0141F349140002BA1E8 /* FetchWeatherRequestParam.m */,
				BA688F601F347DA300E9239E /* FetchWeatherRequest.h */,
				BA688F611F347DA300E9239E /* FetchWeatherRequest.m */,
			);
			name = "Fetch Weather";
			sourceTree = "<group>";
		};
		BA92C01B1F349560002BA1E8 /* Extensions */ = {
			isa = PBXGroup;
			children = (
				BA92C0081F348728002BA1E8 /* NSArray+Map.h */,
				BA92C0091F348728002BA1E8 /* NSArray+Map.m */,
			);
			name = Extensions;
			sourceTree = "<group>";
		};
		BA92C01C1F349569002BA1E8 /* Open Weather Service */ = {
			isa = PBXGroup;
			children = (
				BA92C01D1F34957B002BA1E8 /* Configuration */,
				BA688F5F1F347D9700E9239E /* Request */,
				BA92C00D1F348BBC002BA1E8 /* OpenWeatherService.h */,
				BA92C00E1F348BBC002BA1E8 /* OpenWeatherService.m */,
			);
			name = "Open Weather Service";
			sourceTree = "<group>";
		};
		BA92C01D1F34957B002BA1E8 /* Configuration */ = {
			isa = PBXGroup;
			children = (
				BA92C0171F3492CE002BA1E8 /* OpenWeatherConfiguration.h */,
				BA92C0181F3492CE002BA1E8 /* OpenWeatherConfiguration.m */,
			);
			name = Configuration;
			sourceTree = "<group>";
		};
		BA92C01E1F34958F002BA1E8 /* Constant */ = {
			isa = PBXGroup;
			children = (
				BA688F241F34781800E9239E /* Constants.h */,
				BA688F251F34781800E9239E /* Constants.m */,
			);
			name = Constant;
			sourceTree = "<group>";
		};
		BA92C01F1F34959B002BA1E8 /* View Model */ = {
			isa = PBXGroup;
			children = (
				BA92C0201F3495A2002BA1E8 /* Weather */,
			);
			name = "View Model";
			sourceTree = "<group>";
		};
		BA92C0201F3495A2002BA1E8 /* Weather */ = {
			isa = PBXGroup;
			children = (
				BA92C0211F3495B2002BA1E8 /* WeatherViewModel.h */,
				BA92C0221F3495B2002BA1E8 /* WeatherViewModel.m */,
			);
			name = Weather;
			sourceTree = "<group>";
		};
/* End PBXGroup section */

/* Begin PBXHeadersBuildPhase section */
		BA8B83211F3475BD0047E635 /* Headers */ = {
			isa = PBXHeadersBuildPhase;
			buildActionMask = 2147483647;
			files = (
				BA92C0151F349140002BA1E8 /* FetchWeatherRequestParam.h in Headers */,
				BA688F3E1F347C5800E9239E /* CoordinateObj.h in Headers */,
				BA688F6A1F347E5800E9239E /* Decodable.h in Headers */,
				BA688F3A1F347A7000E9239E /* WeatherObj.h in Headers */,
				BA688F521F347CF100E9239E /* WeatherDataObj.h in Headers */,
				BA688F4A1F347CA100E9239E /* CloudObj.h in Headers */,
				BA688F421F347C8500E9239E /* MainDataObj.h in Headers */,
				BA688F4E1F347CAE00E9239E /* SystemDataObj.h in Headers */,
				BA688F461F347C9100E9239E /* WindObj.h in Headers */,
				BA92C0261F34968B002BA1E8 /* PublicHeader.h in Headers */,
				BA92C0231F3495B2002BA1E8 /* WeatherViewModel.h in Headers */,
				BA92C00A1F348728002BA1E8 /* NSArray+Map.h in Headers */,
				BA688F581F347D7800E9239E /* LocationService.h in Headers */,
				BA688F5D1F347D9200E9239E /* NetworkService.h in Headers */,
				BA92C0191F3492CE002BA1E8 /* OpenWeatherConfiguration.h in Headers */,
				BA688F661F347DCF00E9239E /* Requestable.h in Headers */,
				BA688F621F347DA300E9239E /* FetchWeatherRequest.h in Headers */,
				BA688F261F34781800E9239E /* Constants.h in Headers */,
				BA92C00F1F348BBC002BA1E8 /* OpenWeatherService.h in Headers */,
				BA92C0121F348EF6002BA1E8 /* Parammeter.h in Headers */,
				BA8B83351F3475BD0047E635 /* WeatherCore.h in Headers */,
			);
			runOnlyForDeploymentPostprocessing = 0;
		};
/* End PBXHeadersBuildPhase section */

/* Begin PBXNativeTarget section */
		BA8B83231F3475BD0047E635 /* WeatherCore */ = {
			isa = PBXNativeTarget;
			buildConfigurationList = BA8B83381F3475BD0047E635 /* Build configuration list for PBXNativeTarget "WeatherCore" */;
			buildPhases = (
				BA8B831F1F3475BD0047E635 /* Sources */,
				BA8B83201F3475BD0047E635 /* Frameworks */,
				BA8B83211F3475BD0047E635 /* Headers */,
				BA8B83221F3475BD0047E635 /* Resources */,
			);
			buildRules = (
			);
			dependencies = (
			);
			name = WeatherCore;
			productName = WeatherCore;
			productReference = BA8B83241F3475BD0047E635 /* WeatherCore.framework */;
			productType = "com.apple.product-type.framework";
		};
		BA8B832C1F3475BD0047E635 /* WeatherCoreTests */ = {
			isa = PBXNativeTarget;
			buildConfigurationList = BA8B833B1F3475BD0047E635 /* Build configuration list for PBXNativeTarget "WeatherCoreTests" */;
			buildPhases = (
				BA8B83291F3475BD0047E635 /* Sources */,
				BA8B832A1F3475BD0047E635 /* Frameworks */,
				BA8B832B1F3475BD0047E635 /* Resources */,
			);
			buildRules = (
			);
			dependencies = (
				BA8B83301F3475BD0047E635 /* PBXTargetDependency */,
			);
			name = WeatherCoreTests;
			productName = WeatherCoreTests;
			productReference = BA8B832D1F3475BD0047E635 /* WeatherCoreTests.xctest */;
			productType = "com.apple.product-type.bundle.unit-test";
		};
/* End PBXNativeTarget section */

/* Begin PBXProject section */
		BA8B831B1F3475BD0047E635 /* Project object */ = {
			isa = PBXProject;
			attributes = {
				LastUpgradeCheck = 0830;
				ORGANIZATIONNAME = "Nghia Tran";
				TargetAttributes = {
					BA8B83231F3475BD0047E635 = {
						CreatedOnToolsVersion = 8.3.2;
						DevelopmentTeam = D54Y88Y9CY;
						ProvisioningStyle = Automatic;
					};
					BA8B832C1F3475BD0047E635 = {
						CreatedOnToolsVersion = 8.3.2;
						DevelopmentTeam = D54Y88Y9CY;
						ProvisioningStyle = Automatic;
					};
				};
			};
			buildConfigurationList = BA8B831E1F3475BD0047E635 /* Build configuration list for PBXProject "WeatherCore" */;
			compatibilityVersion = "Xcode 3.2";
			developmentRegion = English;
			hasScannedForEncodings = 0;
			knownRegions = (
				en,
			);
			mainGroup = BA8B831A1F3475BD0047E635;
			productRefGroup = BA8B83251F3475BD0047E635 /* Products */;
			projectDirPath = "";
			projectRoot = "";
			targets = (
				BA8B83231F3475BD0047E635 /* WeatherCore */,
				BA8B832C1F3475BD0047E635 /* WeatherCoreTests */,
			);
		};
/* End PBXProject section */

/* Begin PBXResourcesBuildPhase section */
		BA8B83221F3475BD0047E635 /* Resources */ = {
			isa = PBXResourcesBuildPhase;
			buildActionMask = 2147483647;
			files = (
			);
			runOnlyForDeploymentPostprocessing = 0;
		};
		BA8B832B1F3475BD0047E635 /* Resources */ = {
			isa = PBXResourcesBuildPhase;
			buildActionMask = 2147483647;
			files = (
			);
			runOnlyForDeploymentPostprocessing = 0;
		};
/* End PBXResourcesBuildPhase section */

/* Begin PBXSourcesBuildPhase section */
		BA8B831F1F3475BD0047E635 /* Sources */ = {
			isa = PBXSourcesBuildPhase;
			buildActionMask = 2147483647;
			files = (
				BA688F531F347CF100E9239E /* WeatherDataObj.m in Sources */,
				BA688F3F1F347C5800E9239E /* CoordinateObj.m in Sources */,
				BA688F471F347C9100E9239E /* WindObj.m in Sources */,
				BA688F3B1F347A7000E9239E /* WeatherObj.m in Sources */,
				BA688F631F347DA300E9239E /* FetchWeatherRequest.m in Sources */,
				BA688F5E1F347D9200E9239E /* NetworkService.m in Sources */,
				BA688F591F347D7800E9239E /* LocationService.m in Sources */,
				BA92C0161F349140002BA1E8 /* FetchWeatherRequestParam.m in Sources */,
				BA688F431F347C8500E9239E /* MainDataObj.m in Sources */,
				BA92C0241F3495B2002BA1E8 /* WeatherViewModel.m in Sources */,
				BA688F271F34781800E9239E /* Constants.m in Sources */,
				BA92C00B1F348728002BA1E8 /* NSArray+Map.m in Sources */,
				BA688F4B1F347CA100E9239E /* CloudObj.m in Sources */,
				BA688F4F1F347CAE00E9239E /* SystemDataObj.m in Sources */,
				BA92C0101F348BBC002BA1E8 /* OpenWeatherService.m in Sources */,
				BA92C01A1F3492CE002BA1E8 /* OpenWeatherConfiguration.m in Sources */,
			);
			runOnlyForDeploymentPostprocessing = 0;
		};
		BA8B83291F3475BD0047E635 /* Sources */ = {
			isa = PBXSourcesBuildPhase;
			buildActionMask = 2147483647;
			files = (
				BA8B83331F3475BD0047E635 /* WeatherCoreTests.m in Sources */,
			);
			runOnlyForDeploymentPostprocessing = 0;
		};
/* End PBXSourcesBuildPhase section */

/* Begin PBXTargetDependency section */
		BA8B83301F3475BD0047E635 /* PBXTargetDependency */ = {
			isa = PBXTargetDependency;
			target = BA8B83231F3475BD0047E635 /* WeatherCore */;
			targetProxy = BA8B832F1F3475BD0047E635 /* PBXContainerItemProxy */;
		};
/* End PBXTargetDependency section */

/* Begin XCBuildConfiguration section */
		BA8B83361F3475BD0047E635 /* Debug */ = {
			isa = XCBuildConfiguration;
			buildSettings = {
				ALWAYS_SEARCH_USER_PATHS = NO;
				CLANG_ANALYZER_NONNULL = YES;
				CLANG_ANALYZER_NUMBER_OBJECT_CONVERSION = YES_AGGRESSIVE;
				CLANG_CXX_LANGUAGE_STANDARD = "gnu++0x";
				CLANG_CXX_LIBRARY = "libc++";
				CLANG_ENABLE_MODULES = YES;
				CLANG_ENABLE_OBJC_ARC = YES;
				CLANG_WARN_BOOL_CONVERSION = YES;
				CLANG_WARN_CONSTANT_CONVERSION = YES;
				CLANG_WARN_DIRECT_OBJC_ISA_USAGE = YES_ERROR;
				CLANG_WARN_DOCUMENTATION_COMMENTS = YES;
				CLANG_WARN_EMPTY_BODY = YES;
				CLANG_WARN_ENUM_CONVERSION = YES;
				CLANG_WARN_INFINITE_RECURSION = YES;
				CLANG_WARN_INT_CONVERSION = YES;
				CLANG_WARN_OBJC_ROOT_CLASS = YES_ERROR;
				CLANG_WARN_SUSPICIOUS_MOVE = YES;
				CLANG_WARN_UNREACHABLE_CODE = YES;
				CLANG_WARN__DUPLICATE_METHOD_MATCH = YES;
				"CODE_SIGN_IDENTITY[sdk=iphoneos*]" = "iPhone Developer";
				COPY_PHASE_STRIP = NO;
				CURRENT_PROJECT_VERSION = 1;
				DEBUG_INFORMATION_FORMAT = dwarf;
				ENABLE_STRICT_OBJC_MSGSEND = YES;
				ENABLE_TESTABILITY = YES;
				GCC_C_LANGUAGE_STANDARD = gnu99;
				GCC_DYNAMIC_NO_PIC = NO;
				GCC_NO_COMMON_BLOCKS = YES;
				GCC_OPTIMIZATION_LEVEL = 0;
				GCC_PREPROCESSOR_DEFINITIONS = (
					"DEBUG=1",
					"$(inherited)",
				);
				GCC_WARN_64_TO_32_BIT_CONVERSION = YES;
				GCC_WARN_ABOUT_RETURN_TYPE = YES_ERROR;
				GCC_WARN_UNDECLARED_SELECTOR = YES;
				GCC_WARN_UNINITIALIZED_AUTOS = YES_AGGRESSIVE;
				GCC_WARN_UNUSED_FUNCTION = YES;
				GCC_WARN_UNUSED_VARIABLE = YES;
				IPHONEOS_DEPLOYMENT_TARGET = 10.3;
				MTL_ENABLE_DEBUG_INFO = YES;
				ONLY_ACTIVE_ARCH = YES;
				SDKROOT = iphoneos;
				TARGETED_DEVICE_FAMILY = "1,2";
				VERSIONING_SYSTEM = "apple-generic";
				VERSION_INFO_PREFIX = "";
			};
			name = Debug;
		};
		BA8B83371F3475BD0047E635 /* Release */ = {
			isa = XCBuildConfiguration;
			buildSettings = {
				ALWAYS_SEARCH_USER_PATHS = NO;
				CLANG_ANALYZER_NONNULL = YES;
				CLANG_ANALYZER_NUMBER_OBJECT_CONVERSION = YES_AGGRESSIVE;
				CLANG_CXX_LANGUAGE_STANDARD = "gnu++0x";
				CLANG_CXX_LIBRARY = "libc++";
				CLANG_ENABLE_MODULES = YES;
				CLANG_ENABLE_OBJC_ARC = YES;
				CLANG_WARN_BOOL_CONVERSION = YES;
				CLANG_WARN_CONSTANT_CONVERSION = YES;
				CLANG_WARN_DIRECT_OBJC_ISA_USAGE = YES_ERROR;
				CLANG_WARN_DOCUMENTATION_COMMENTS = YES;
				CLANG_WARN_EMPTY_BODY = YES;
				CLANG_WARN_ENUM_CONVERSION = YES;
				CLANG_WARN_INFINITE_RECURSION = YES;
				CLANG_WARN_INT_CONVERSION = YES;
				CLANG_WARN_OBJC_ROOT_CLASS = YES_ERROR;
				CLANG_WARN_SUSPICIOUS_MOVE = YES;
				CLANG_WARN_UNREACHABLE_CODE = YES;
				CLANG_WARN__DUPLICATE_METHOD_MATCH = YES;
				"CODE_SIGN_IDENTITY[sdk=iphoneos*]" = "iPhone Developer";
				COPY_PHASE_STRIP = NO;
				CURRENT_PROJECT_VERSION = 1;
				DEBUG_INFORMATION_FORMAT = "dwarf-with-dsym";
				ENABLE_NS_ASSERTIONS = NO;
				ENABLE_STRICT_OBJC_MSGSEND = YES;
				GCC_C_LANGUAGE_STANDARD = gnu99;
				GCC_NO_COMMON_BLOCKS = YES;
				GCC_WARN_64_TO_32_BIT_CONVERSION = YES;
				GCC_WARN_ABOUT_RETURN_TYPE = YES_ERROR;
				GCC_WARN_UNDECLARED_SELECTOR = YES;
				GCC_WARN_UNINITIALIZED_AUTOS = YES_AGGRESSIVE;
				GCC_WARN_UNUSED_FUNCTION = YES;
				GCC_WARN_UNUSED_VARIABLE = YES;
				IPHONEOS_DEPLOYMENT_TARGET = 10.3;
				MTL_ENABLE_DEBUG_INFO = NO;
				SDKROOT = iphoneos;
				TARGETED_DEVICE_FAMILY = "1,2";
				VALIDATE_PRODUCT = YES;
				VERSIONING_SYSTEM = "apple-generic";
				VERSION_INFO_PREFIX = "";
			};
			name = Release;
		};
		BA8B83391F3475BD0047E635 /* Debug */ = {
			isa = XCBuildConfiguration;
			buildSettings = {
				CODE_SIGN_IDENTITY = "";
				DEFINES_MODULE = YES;
				DEVELOPMENT_TEAM = D54Y88Y9CY;
				DYLIB_COMPATIBILITY_VERSION = 1;
				DYLIB_CURRENT_VERSION = 1;
				DYLIB_INSTALL_NAME_BASE = "@rpath";
				INFOPLIST_FILE = WeatherCore/Info.plist;
				INSTALL_PATH = "$(LOCAL_LIBRARY_DIR)/Frameworks";
				IPHONEOS_DEPLOYMENT_TARGET = 10.3;
				LD_RUNPATH_SEARCH_PATHS = "$(inherited) @executable_path/Frameworks @loader_path/Frameworks";
				PRODUCT_BUNDLE_IDENTIFIER = com.fe.WeatherCore;
				PRODUCT_NAME = "$(TARGET_NAME)";
				SKIP_INSTALL = YES;
			};
			name = Debug;
		};
		BA8B833A1F3475BD0047E635 /* Release */ = {
			isa = XCBuildConfiguration;
			buildSettings = {
				CODE_SIGN_IDENTITY = "";
				DEFINES_MODULE = YES;
				DEVELOPMENT_TEAM = D54Y88Y9CY;
				DYLIB_COMPATIBILITY_VERSION = 1;
				DYLIB_CURRENT_VERSION = 1;
				DYLIB_INSTALL_NAME_BASE = "@rpath";
				INFOPLIST_FILE = WeatherCore/Info.plist;
				INSTALL_PATH = "$(LOCAL_LIBRARY_DIR)/Frameworks";
				IPHONEOS_DEPLOYMENT_TARGET = 10.3;
				LD_RUNPATH_SEARCH_PATHS = "$(inherited) @executable_path/Frameworks @loader_path/Frameworks";
				PRODUCT_BUNDLE_IDENTIFIER = com.fe.WeatherCore;
				PRODUCT_NAME = "$(TARGET_NAME)";
				SKIP_INSTALL = YES;
			};
			name = Release;
		};
		BA8B833C1F3475BD0047E635 /* Debug */ = {
			isa = XCBuildConfiguration;
			buildSettings = {
				DEVELOPMENT_TEAM = D54Y88Y9CY;
				INFOPLIST_FILE = WeatherCoreTests/Info.plist;
				LD_RUNPATH_SEARCH_PATHS = "$(inherited) @executable_path/Frameworks @loader_path/Frameworks";
				PRODUCT_BUNDLE_IDENTIFIER = com.fe.WeatherCoreTests;
				PRODUCT_NAME = "$(TARGET_NAME)";
			};
			name = Debug;
		};
		BA8B833D1F3475BD0047E635 /* Release */ = {
			isa = XCBuildConfiguration;
			buildSettings = {
				DEVELOPMENT_TEAM = D54Y88Y9CY;
				INFOPLIST_FILE = WeatherCoreTests/Info.plist;
				LD_RUNPATH_SEARCH_PATHS = "$(inherited) @executable_path/Frameworks @loader_path/Frameworks";
				PRODUCT_BUNDLE_IDENTIFIER = com.fe.WeatherCoreTests;
				PRODUCT_NAME = "$(TARGET_NAME)";
			};
			name = Release;
		};
/* End XCBuildConfiguration section */

/* Begin XCConfigurationList section */
		BA8B831E1F3475BD0047E635 /* Build configuration list for PBXProject "WeatherCore" */ = {
			isa = XCConfigurationList;
			buildConfigurations = (
				BA8B83361F3475BD0047E635 /* Debug */,
				BA8B83371F3475BD0047E635 /* Release */,
			);
			defaultConfigurationIsVisible = 0;
			defaultConfigurationName = Release;
		};
		BA8B83381F3475BD0047E635 /* Build configuration list for PBXNativeTarget "WeatherCore" */ = {
			isa = XCConfigurationList;
			buildConfigurations = (
				BA8B83391F3475BD0047E635 /* Debug */,
				BA8B833A1F3475BD0047E635 /* Release */,
			);
			defaultConfigurationIsVisible = 0;
			defaultConfigurationName = Release;
		};
		BA8B833B1F3475BD0047E635 /* Build configuration list for PBXNativeTarget "WeatherCoreTests" */ = {
			isa = XCConfigurationList;
			buildConfigurations = (
				BA8B833C1F3475BD0047E635 /* Debug */,
				BA8B833D1F3475BD0047E635 /* Release */,
			);
			defaultConfigurationIsVisible = 0;
			defaultConfigurationName = Release;
		};
/* End XCConfigurationList section */
	};
	rootObject = BA8B831B1F3475BD0047E635 /* Project object */;
}
